
Microsoft Visual Studio Solution File, Format Version 12.00
# Visual Studio Version 16
VisualStudioVersion = 16.0.30907.101
MinimumVisualStudioVersion = 10.0.40219.1
Project("{2150E333-8FDC-42A3-9474-1A3956D46DE8}") = "Services", "Services", "{6C5CF5AA-0360-4075-B881-92C86659EE44}"
EndProject
Project("{2150E333-8FDC-42A3-9474-1A3956D46DE8}") = "Factories", "Factories", "{0CD24D35-BCAC-47D7-80FA-8E7C2A874929}"
EndProject
Project("{2150E333-8FDC-42A3-9474-1A3956D46DE8}") = "Purchases", "Purchases", "{8AE6A22B-50FB-49D0-B100-EC13F850E82D}"
EndProject
Project("{2150E333-8FDC-42A3-9474-1A3956D46DE8}") = "Shops", "Shops", "{B221AD20-6B91-41E4-A74B-F9C12ED47983}"
EndProject
Project("{9A19103F-16F7-4668-BE54-9A1E7A4F7556}") = "Factories.API", "Factories.API\Factories.API.csproj", "{C5558166-3AE6-4CBC-910D-F43FBACB5DFF}"
EndProject
Project("{9A19103F-16F7-4668-BE54-9A1E7A4F7556}") = "Purchases.API", "Purchases.API\Purchases.API.csproj", "{23CE56D1-B734-48D0-803E-C2652462BD07}"
EndProject
Project("{9A19103F-16F7-4668-BE54-9A1E7A4F7556}") = "Shops.API", "Shops.API\Shops.API.csproj", "{D9707FF6-C6BF-47DA-93A8-FEE6ABE79286}"
EndProject
Project("{2150E333-8FDC-42A3-9474-1A3956D46DE8}") = "Identity", "Identity", "{E04B59F8-D9F8-4C09-95E6-79532CD51396}"
EndProject
Project("{9A19103F-16F7-4668-BE54-9A1E7A4F7556}") = "Identity.API", "Identity.API\Identity.API.csproj", "{24AF1457-6822-46B1-BE65-503E1523D299}"
EndProject
Project("{E53339B2-1760-4266-BCC7-CA923CBCF16C}") = "docker-compose", "docker-compose.dcproj", "{2F0E358A-FFB1-4E71-8E27-A9E0ED1E16E0}"
EndProject
Project("{9A19103F-16F7-4668-BE54-9A1E7A4F7556}") = "Purchases.Domain", "Purchases.Domain\Purchases.Domain.csproj", "{9E0BD2C8-6603-431D-A7DC-2A7750F7B71B}"
EndProject
Project("{9A19103F-16F7-4668-BE54-9A1E7A4F7556}") = "Purchases.DAL", "Purchases.DAL\Purchases.DAL.csproj", "{0249B080-AF4A-49BD-8E0E-0436235DCB91}"
EndProject
Project("{9A19103F-16F7-4668-BE54-9A1E7A4F7556}") = "Identity.DAL", "Identity.DAL\Identity.DAL.csproj", "{8C2EFBE7-A961-4322-9812-6194D82588B4}"
EndProject
Project("{9A19103F-16F7-4668-BE54-9A1E7A4F7556}") = "Identity.Domain", "Identity.Domain\Identity.Domain.csproj", "{2992895C-3AF5-4148-96F4-3E3363DB5E8D}"
EndProject
Project("{9A19103F-16F7-4668-BE54-9A1E7A4F7556}") = "Shops.Domain", "..\Shops.Domain\Shops.Domain.csproj", "{3F359E1F-7156-42A0-A8A6-458FC15AA414}"
EndProject
Project("{9A19103F-16F7-4668-BE54-9A1E7A4F7556}") = "Shops.DAL", "..\Shops.DAL\Shops.DAL.csproj", "{4969FA8C-A565-40AC-B272-C8C05705064F}"
EndProject
Project("{FAE04EC0-301F-11D3-BF4B-00C04F79EFBC}") = "RtuItLab.Infrastructure", "RtuItLab.Infrastructure\RtuItLab.Infrastructure.csproj", "{47536030-BB26-469D-8E39-382CB124F85D}"
EndProject
Project("{FAE04EC0-301F-11D3-BF4B-00C04F79EFBC}") = "RtuItLab.ApiGateway", "RtuItLab.ApiGateway\RtuItLab.ApiGateway.csproj", "{8A4FD6B0-22B8-41A4-96F0-CA4245F046AF}"
EndProject
Global
	GlobalSection(SolutionConfigurationPlatforms) = preSolution
		Debug|Any CPU = Debug|Any CPU
		Release|Any CPU = Release|Any CPU
	EndGlobalSection
	GlobalSection(ProjectConfigurationPlatforms) = postSolution
		{C5558166-3AE6-4CBC-910D-F43FBACB5DFF}.Debug|Any CPU.ActiveCfg = Debug|Any CPU
		{C5558166-3AE6-4CBC-910D-F43FBACB5DFF}.Debug|Any CPU.Build.0 = Debug|Any CPU
		{C5558166-3AE6-4CBC-910D-F43FBACB5DFF}.Release|Any CPU.ActiveCfg = Release|Any CPU
		{C5558166-3AE6-4CBC-910D-F43FBACB5DFF}.Release|Any CPU.Build.0 = Release|Any CPU
		{23CE56D1-B734-48D0-803E-C2652462BD07}.Debug|Any CPU.ActiveCfg = Debug|Any CPU
		{23CE56D1-B734-48D0-803E-C2652462BD07}.Debug|Any CPU.Build.0 = Debug|Any CPU
		{23CE56D1-B734-48D0-803E-C2652462BD07}.Release|Any CPU.ActiveCfg = Release|Any CPU
		{23CE56D1-B734-48D0-803E-C2652462BD07}.Release|Any CPU.Build.0 = Release|Any CPU
		{D9707FF6-C6BF-47DA-93A8-FEE6ABE79286}.Debug|Any CPU.ActiveCfg = Debug|Any CPU
		{D9707FF6-C6BF-47DA-93A8-FEE6ABE79286}.Debug|Any CPU.Build.0 = Debug|Any CPU
		{D9707FF6-C6BF-47DA-93A8-FEE6ABE79286}.Release|Any CPU.ActiveCfg = Release|Any CPU
		{D9707FF6-C6BF-47DA-93A8-FEE6ABE79286}.Release|Any CPU.Build.0 = Release|Any CPU
		{24AF1457-6822-46B1-BE65-503E1523D299}.Debug|Any CPU.ActiveCfg = Debug|Any CPU
		{24AF1457-6822-46B1-BE65-503E1523D299}.Debug|Any CPU.Build.0 = Debug|Any CPU
		{24AF1457-6822-46B1-BE65-503E1523D299}.Release|Any CPU.ActiveCfg = Release|Any CPU
		{24AF1457-6822-46B1-BE65-503E1523D299}.Release|Any CPU.Build.0 = Release|Any CPU
		{2F0E358A-FFB1-4E71-8E27-A9E0ED1E16E0}.Debug|Any CPU.ActiveCfg = Debug|Any CPU
		{2F0E358A-FFB1-4E71-8E27-A9E0ED1E16E0}.Debug|Any CPU.Build.0 = Debug|Any CPU
		{2F0E358A-FFB1-4E71-8E27-A9E0ED1E16E0}.Release|Any CPU.ActiveCfg = Release|Any CPU
		{2F0E358A-FFB1-4E71-8E27-A9E0ED1E16E0}.Release|Any CPU.Build.0 = Release|Any CPU
		{9E0BD2C8-6603-431D-A7DC-2A7750F7B71B}.Debug|Any CPU.ActiveCfg = Debug|Any CPU
		{9E0BD2C8-6603-431D-A7DC-2A7750F7B71B}.Debug|Any CPU.Build.0 = Debug|Any CPU
		{9E0BD2C8-6603-431D-A7DC-2A7750F7B71B}.Release|Any CPU.ActiveCfg = Release|Any CPU
		{9E0BD2C8-6603-431D-A7DC-2A7750F7B71B}.Release|Any CPU.Build.0 = Release|Any CPU
		{0249B080-AF4A-49BD-8E0E-0436235DCB91}.Debug|Any CPU.ActiveCfg = Debug|Any CPU
		{0249B080-AF4A-49BD-8E0E-0436235DCB91}.Debug|Any CPU.Build.0 = Debug|Any CPU
		{0249B080-AF4A-49BD-8E0E-0436235DCB91}.Release|Any CPU.ActiveCfg = Release|Any CPU
		{0249B080-AF4A-49BD-8E0E-0436235DCB91}.Release|Any CPU.Build.0 = Release|Any CPU
		{8C2EFBE7-A961-4322-9812-6194D82588B4}.Debug|Any CPU.ActiveCfg = Debug|Any CPU
		{8C2EFBE7-A961-4322-9812-6194D82588B4}.Debug|Any CPU.Build.0 = Debug|Any CPU
		{8C2EFBE7-A961-4322-9812-6194D82588B4}.Release|Any CPU.ActiveCfg = Release|Any CPU
		{8C2EFBE7-A961-4322-9812-6194D82588B4}.Release|Any CPU.Build.0 = Release|Any CPU
		{2992895C-3AF5-4148-96F4-3E3363DB5E8D}.Debug|Any CPU.ActiveCfg = Debug|Any CPU
		{2992895C-3AF5-4148-96F4-3E3363DB5E8D}.Debug|Any CPU.Build.0 = Debug|Any CPU
		{2992895C-3AF5-4148-96F4-3E3363DB5E8D}.Release|Any CPU.ActiveCfg = Release|Any CPU
		{2992895C-3AF5-4148-96F4-3E3363DB5E8D}.Release|Any CPU.Build.0 = Release|Any CPU
		{3F359E1F-7156-42A0-A8A6-458FC15AA414}.Debug|Any CPU.ActiveCfg = Debug|Any CPU
		{3F359E1F-7156-42A0-A8A6-458FC15AA414}.Debug|Any CPU.Build.0 = Debug|Any CPU
		{3F359E1F-7156-42A0-A8A6-458FC15AA414}.Release|Any CPU.ActiveCfg = Release|Any CPU
		{3F359E1F-7156-42A0-A8A6-458FC15AA414}.Release|Any CPU.Build.0 = Release|Any CPU
		{4969FA8C-A565-40AC-B272-C8C05705064F}.Debug|Any CPU.ActiveCfg = Debug|Any CPU
		{4969FA8C-A565-40AC-B272-C8C05705064F}.Debug|Any CPU.Build.0 = Debug|Any CPU
		{4969FA8C-A565-40AC-B272-C8C05705064F}.Release|Any CPU.ActiveCfg = Release|Any CPU
		{4969FA8C-A565-40AC-B272-C8C05705064F}.Release|Any CPU.Build.0 = Release|Any CPU
		{47536030-BB26-469D-8E39-382CB124F85D}.Debug|Any CPU.ActiveCfg = Debug|Any CPU
		{47536030-BB26-469D-8E39-382CB124F85D}.Debug|Any CPU.Build.0 = Debug|Any CPU
		{47536030-BB26-469D-8E39-382CB124F85D}.Release|Any CPU.ActiveCfg = Release|Any CPU
		{47536030-BB26-469D-8E39-382CB124F85D}.Release|Any CPU.Build.0 = Release|Any CPU
		{8A4FD6B0-22B8-41A4-96F0-CA4245F046AF}.Debug|Any CPU.ActiveCfg = Debug|Any CPU
		{8A4FD6B0-22B8-41A4-96F0-CA4245F046AF}.Debug|Any CPU.Build.0 = Debug|Any CPU
		{8A4FD6B0-22B8-41A4-96F0-CA4245F046AF}.Release|Any CPU.ActiveCfg = Release|Any CPU
		{8A4FD6B0-22B8-41A4-96F0-CA4245F046AF}.Release|Any CPU.Build.0 = Release|Any CPU
	EndGlobalSection
	GlobalSection(SolutionProperties) = preSolution
		HideSolutionNode = FALSE
	EndGlobalSection
	GlobalSection(NestedProjects) = preSolution
		{0CD24D35-BCAC-47D7-80FA-8E7C2A874929} = {6C5CF5AA-0360-4075-B881-92C86659EE44}
		{8AE6A22B-50FB-49D0-B100-EC13F850E82D} = {6C5CF5AA-0360-4075-B881-92C86659EE44}
		{B221AD20-6B91-41E4-A74B-F9C12ED47983} = {6C5CF5AA-0360-4075-B881-92C86659EE44}
		{C5558166-3AE6-4CBC-910D-F43FBACB5DFF} = {0CD24D35-BCAC-47D7-80FA-8E7C2A874929}
		{23CE56D1-B734-48D0-803E-C2652462BD07} = {8AE6A22B-50FB-49D0-B100-EC13F850E82D}
		{D9707FF6-C6BF-47DA-93A8-FEE6ABE79286} = {B221AD20-6B91-41E4-A74B-F9C12ED47983}
		{E04B59F8-D9F8-4C09-95E6-79532CD51396} = {6C5CF5AA-0360-4075-B881-92C86659EE44}
		{24AF1457-6822-46B1-BE65-503E1523D299} = {E04B59F8-D9F8-4C09-95E6-79532CD51396}
		{9E0BD2C8-6603-431D-A7DC-2A7750F7B71B} = {8AE6A22B-50FB-49D0-B100-EC13F850E82D}
		{0249B080-AF4A-49BD-8E0E-0436235DCB91} = {8AE6A22B-50FB-49D0-B100-EC13F850E82D}
		{8C2EFBE7-A961-4322-9812-6194D82588B4} = {E04B59F8-D9F8-4C09-95E6-79532CD51396}
		{2992895C-3AF5-4148-96F4-3E3363DB5E8D} = {E04B59F8-D9F8-4C09-95E6-79532CD51396}
		{3F359E1F-7156-42A0-A8A6-458FC15AA414} = {B221AD20-6B91-41E4-A74B-F9C12ED47983}
		{4969FA8C-A565-40AC-B272-C8C05705064F} = {B221AD20-6B91-41E4-A74B-F9C12ED47983}
	EndGlobalSection
	GlobalSection(ExtensibilityGlobals) = postSolution
		SolutionGuid = {3EB12B11-F167-4E79-936F-7464BD2D67CB}
	EndGlobalSection
EndGlobal
